Microsoft Visual Studio Solution File, Format Version 12.00
# Visual Studio Version 17
VisualStudioVersion = 17.5.2.0
MinimumVisualStudioVersion = 10.0.40219.1
Project("{FAE04EC0-301F-11D3-BF4B-00C04F79EFBC}") = "OtlpBackend", "OtlpBackend\OtlpBackend.csproj", "{EA6377CD-CA23-5A48-9A0A-1D6F7270FD8B}"
EndProject
Project("{FAE04EC0-301F-11D3-BF4B-00C04F79EFBC}") = "RemoteConfigService", "RemoteConfigService\RemoteConfigService.csproj", "{86B542EA-D7AB-9596-F115-0BF52DFF6035}"
EndProject
Global
	GlobalSection(SolutionConfigurationPlatforms) = preSolution
		Debug|Any CPU = Debug|Any CPU
		Release|Any CPU = Release|Any CPU
	EndGlobalSection
	GlobalSection(ProjectConfigurationPlatforms) = postSolution
		{EA6377CD-CA23-5A48-9A0A-1D6F7270FD8B}.Debug|Any CPU.ActiveCfg = Debug|Any CPU
		{EA6377CD-CA23-5A48-9A0A-1D6F7270FD8B}.Debug|Any CPU.Build.0 = Debug|Any CPU
		{EA6377CD-CA23-5A48-9A0A-1D6F7270FD8B}.Release|Any CPU.ActiveCfg = Release|Any CPU
		{EA6377CD-CA23-5A48-9A0A-1D6F7270FD8B}.Release|Any CPU.Build.0 = Release|Any CPU
		{86B542EA-D7AB-9596-F115-0BF52DFF6035}.Debug|Any CPU.ActiveCfg = Debug|Any CPU
		{86B542EA-D7AB-9596-F115-0BF52DFF6035}.Debug|Any CPU.Build.0 = Debug|Any CPU
		{86B542EA-D7AB-9596-F115-0BF52DFF6035}.Release|Any CPU.ActiveCfg = Release|Any CPU
		{86B542EA-D7AB-9596-F115-0BF52DFF6035}.Release|Any CPU.Build.0 = Release|Any CPU
	EndGlobalSection
	GlobalSection(SolutionProperties) = preSolution
		HideSolutionNode = FALSE
	EndGlobalSection
	GlobalSection(ExtensibilityGlobals) = postSolution
		SolutionGuid = {5F1E4018-02F0-4630-87D2-0055D23AA09A}
	EndGlobalSection
EndGlobal
